
Microsoft Visual Studio Solution File, Format Version 12.00
# Visual Studio Version 17
VisualStudioVersion = 17.12.35527.113
MinimumVisualStudioVersion = 10.0.40219.1
Project("{2150E333-8FDC-42A3-9474-1A3956D46DE8}") = "src", "src", "{B3784D16-774A-4FE6-B834-8B8B3429D043}"
EndProject
Project("{2150E333-8FDC-42A3-9474-1A3956D46DE8}") = "tests", "tests", "{08A1DE62-1680-4F03-94BE-7E391710E7C5}"
EndProject
Project("{FAE04EC0-301F-11D3-BF4B-00C04F79EFBC}") = "Core", "src\Core\Core.csproj", "{942B4F71-4943-491C-AB18-7F600C6CF78C}"
EndProject
Project("{FAE04EC0-301F-11D3-BF4B-00C04F79EFBC}") = "Domain", "src\Domain\Domain.csproj", "{A59B0CFE-CB20-4B70-B123-06E79A98D464}"
EndProject
Project("{FAE04EC0-301F-11D3-BF4B-00C04F79EFBC}") = "InfraStructure", "src\InfraStructure\InfraStructure.csproj", "{5218606A-1C4A-42B4-9CFB-93F8B23A7871}"
EndProject
Project("{FAE04EC0-301F-11D3-BF4B-00C04F79EFBC}") = "Resturants.API", "src\Resturants.API\Resturants.API.csproj", "{E5332F3C-0601-41BA-867B-9245BAC9CBA0}"
EndProject
Project("{FAE04EC0-301F-11D3-BF4B-00C04F79EFBC}") = "Core.Tests", "tests\Core.Tests\Core.Tests.csproj", "{53476D4D-53D4-4649-AEEE-2F5EF62DBC11}"
EndProject
Project("{FAE04EC0-301F-11D3-BF4B-00C04F79EFBC}") = "Restaurants.API.Tests", "tests\Restaurants.API.Tests\Restaurants.API.Tests.csproj", "{C9F2015B-3553-4FD5-8934-2E4270119558}"
EndProject
Global
	GlobalSection(SolutionConfigurationPlatforms) = preSolution
		Debug|Any CPU = Debug|Any CPU
		Release|Any CPU = Release|Any CPU
	EndGlobalSection
	GlobalSection(ProjectConfigurationPlatforms) = postSolution
		{942B4F71-4943-491C-AB18-7F600C6CF78C}.Debug|Any CPU.ActiveCfg = Debug|Any CPU
		{942B4F71-4943-491C-AB18-7F600C6CF78C}.Debug|Any CPU.Build.0 = Debug|Any CPU
		{942B4F71-4943-491C-AB18-7F600C6CF78C}.Release|Any CPU.ActiveCfg = Release|Any CPU
		{942B4F71-4943-491C-AB18-7F600C6CF78C}.Release|Any CPU.Build.0 = Release|Any CPU
		{A59B0CFE-CB20-4B70-B123-06E79A98D464}.Debug|Any CPU.ActiveCfg = Debug|Any CPU
		{A59B0CFE-CB20-4B70-B123-06E79A98D464}.Debug|Any CPU.Build.0 = Debug|Any CPU
		{A59B0CFE-CB20-4B70-B123-06E79A98D464}.Release|Any CPU.ActiveCfg = Release|Any CPU
		{A59B0CFE-CB20-4B70-B123-06E79A98D464}.Release|Any CPU.Build.0 = Release|Any CPU
		{5218606A-1C4A-42B4-9CFB-93F8B23A7871}.Debug|Any CPU.ActiveCfg = Debug|Any CPU
		{5218606A-1C4A-42B4-9CFB-93F8B23A7871}.Debug|Any CPU.Build.0 = Debug|Any CPU
		{5218606A-1C4A-42B4-9CFB-93F8B23A7871}.Release|Any CPU.ActiveCfg = Release|Any CPU
		{5218606A-1C4A-42B4-9CFB-93F8B23A7871}.Release|Any CPU.Build.0 = Release|Any CPU
		{E5332F3C-0601-41BA-867B-9245BAC9CBA0}.Debug|Any CPU.ActiveCfg = Debug|Any CPU
		{E5332F3C-0601-41BA-867B-9245BAC9CBA0}.Debug|Any CPU.Build.0 = Debug|Any CPU
		{E5332F3C-0601-41BA-867B-9245BAC9CBA0}.Release|Any CPU.ActiveCfg = Release|Any CPU
		{E5332F3C-0601-41BA-867B-9245BAC9CBA0}.Release|Any CPU.Build.0 = Release|Any CPU
		{53476D4D-53D4-4649-AEEE-2F5EF62DBC11}.Debug|Any CPU.ActiveCfg = Debug|Any CPU
		{53476D4D-53D4-4649-AEEE-2F5EF62DBC11}.Debug|Any CPU.Build.0 = Debug|Any CPU
		{53476D4D-53D4-4649-AEEE-2F5EF62DBC11}.Release|Any CPU.ActiveCfg = Release|Any CPU
		{53476D4D-53D4-4649-AEEE-2F5EF62DBC11}.Release|Any CPU.Build.0 = Release|Any CPU
		{C9F2015B-3553-4FD5-8934-2E4270119558}.Debug|Any CPU.ActiveCfg = Debug|Any CPU
		{C9F2015B-3553-4FD5-8934-2E4270119558}.Debug|Any CPU.Build.0 = Debug|Any CPU
		{C9F2015B-3553-4FD5-8934-2E4270119558}.Release|Any CPU.ActiveCfg = Release|Any CPU
		{C9F2015B-3553-4FD5-8934-2E4270119558}.Release|Any CPU.Build.0 = Release|Any CPU
	EndGlobalSection
	GlobalSection(SolutionProperties) = preSolution
		HideSolutionNode = FALSE
	EndGlobalSection
	GlobalSection(NestedProjects) = preSolution
		{942B4F71-4943-491C-AB18-7F600C6CF78C} = {B3784D16-774A-4FE6-B834-8B8B3429D043}
		{A59B0CFE-CB20-4B70-B123-06E79A98D464} = {B3784D16-774A-4FE6-B834-8B8B3429D043}
		{5218606A-1C4A-42B4-9CFB-93F8B23A7871} = {B3784D16-774A-4FE6-B834-8B8B3429D043}
		{E5332F3C-0601-41BA-867B-9245BAC9CBA0} = {B3784D16-774A-4FE6-B834-8B8B3429D043}
		{53476D4D-53D4-4649-AEEE-2F5EF62DBC11} = {08A1DE62-1680-4F03-94BE-7E391710E7C5}
		{C9F2015B-3553-4FD5-8934-2E4270119558} = {08A1DE62-1680-4F03-94BE-7E391710E7C5}
	EndGlobalSection
EndGlobal
